uuid: a76b254e-16e0-4d8d-91e0-8d5630ae59a9
langcode: en
status: true
dependencies:
  config:
    - field.storage.node.field_rotator_block
    - node.type.article
id: node.article.field_rotator_block
field_name: field_rotator_block
entity_type: node
bundle: article
label: 'rotator block'
description: ''
required: false
translatable: false
default_value: {  }
default_value_callback: ''
settings:
  handler: 'default:block'
  handler_settings:
    target_bundles: null
    auto_create: false
field_type: entity_reference
